
Microsoft Visual Studio Solution File, Format Version 12.00
# Visual Studio 15
VisualStudioVersion = 15.0.26124.0
MinimumVisualStudioVersion = 15.0.26124.0
Project("{FAE04EC0-301F-11D3-BF4B-00C04F79EFBC}") = "go-bootcamp-challenge", "src\go-bootcamp-challenge.csproj", "{EB74B570-C5A3-4FD5-8BA1-E61ED9F30110}"
EndProject
Project("{FAE04EC0-301F-11D3-BF4B-00C04F79EFBC}") = "go-bootcamp-challenge-test", "test\go-bootcamp-challenge-test.csproj", "{7FD17C08-5552-473C-BE38-40513F78BFEE}"
EndProject
Global
	GlobalSection(SolutionConfigurationPlatforms) = preSolution
		Debug|Any CPU = Debug|Any CPU
		Debug|x64 = Debug|x64
		Debug|x86 = Debug|x86
		Release|Any CPU = Release|Any CPU
		Release|x64 = Release|x64
		Release|x86 = Release|x86
	EndGlobalSection
	GlobalSection(SolutionProperties) = preSolution
		HideSolutionNode = FALSE
	EndGlobalSection
	GlobalSection(ProjectConfigurationPlatforms) = postSolution
		{EB74B570-C5A3-4FD5-8BA1-E61ED9F30110}.Debug|Any CPU.ActiveCfg = Debug|Any CPU
		{EB74B570-C5A3-4FD5-8BA1-E61ED9F30110}.Debug|Any CPU.Build.0 = Debug|Any CPU
		{EB74B570-C5A3-4FD5-8BA1-E61ED9F30110}.Debug|x64.ActiveCfg = Debug|Any CPU
		{EB74B570-C5A3-4FD5-8BA1-E61ED9F30110}.Debug|x64.Build.0 = Debug|Any CPU
		{EB74B570-C5A3-4FD5-8BA1-E61ED9F30110}.Debug|x86.ActiveCfg = Debug|Any CPU
		{EB74B570-C5A3-4FD5-8BA1-E61ED9F30110}.Debug|x86.Build.0 = Debug|Any CPU
		{EB74B570-C5A3-4FD5-8BA1-E61ED9F30110}.Release|Any CPU.ActiveCfg = Release|Any CPU
		{EB74B570-C5A3-4FD5-8BA1-E61ED9F30110}.Release|Any CPU.Build.0 = Release|Any CPU
		{EB74B570-C5A3-4FD5-8BA1-E61ED9F30110}.Release|x64.ActiveCfg = Release|Any CPU
		{EB74B570-C5A3-4FD5-8BA1-E61ED9F30110}.Release|x64.Build.0 = Release|Any CPU
		{EB74B570-C5A3-4FD5-8BA1-E61ED9F30110}.Release|x86.ActiveCfg = Release|Any CPU
		{EB74B570-C5A3-4FD5-8BA1-E61ED9F30110}.Release|x86.Build.0 = Release|Any CPU
		{7FD17C08-5552-473C-BE38-40513F78BFEE}.Debug|Any CPU.ActiveCfg = Debug|Any CPU
		{7FD17C08-5552-473C-BE38-40513F78BFEE}.Debug|Any CPU.Build.0 = Debug|Any CPU
		{7FD17C08-5552-473C-BE38-40513F78BFEE}.Debug|x64.ActiveCfg = Debug|Any CPU
		{7FD17C08-5552-473C-BE38-40513F78BFEE}.Debug|x64.Build.0 = Debug|Any CPU
		{7FD17C08-5552-473C-BE38-40513F78BFEE}.Debug|x86.ActiveCfg = Debug|Any CPU
		{7FD17C08-5552-473C-BE38-40513F78BFEE}.Debug|x86.Build.0 = Debug|Any CPU
		{7FD17C08-5552-473C-BE38-40513F78BFEE}.Release|Any CPU.ActiveCfg = Release|Any CPU
		{7FD17C08-5552-473C-BE38-40513F78BFEE}.Release|Any CPU.Build.0 = Release|Any CPU
		{7FD17C08-5552-473C-BE38-40513F78BFEE}.Release|x64.ActiveCfg = Release|Any CPU
		{7FD17C08-5552-473C-BE38-40513F78BFEE}.Release|x64.Build.0 = Release|Any CPU
		{7FD17C08-5552-473C-BE38-40513F78BFEE}.Release|x86.ActiveCfg = Release|Any CPU
		{7FD17C08-5552-473C-BE38-40513F78BFEE}.Release|x86.Build.0 = Release|Any CPU
	EndGlobalSection
EndGlobal
